
Microsoft Visual Studio Solution File, Format Version 12.00
# Visual Studio Version 17
VisualStudioVersion = 17.11.35219.272
MinimumVisualStudioVersion = 10.0.40219.1
Project("{FAE04EC0-301F-11D3-BF4B-00C04F79EFBC}") = "demoExamsGlushakovIlya", "demoExamsGlushakovIlya.csproj", "{BF3149AD-70CD-4916-8738-EF94D1EF1ABC}"
EndProject
Global
	GlobalSection(SolutionConfigurationPlatforms) = preSolution
		Debug|Any CPU = Debug|Any CPU
		Release|Any CPU = Release|Any CPU
	EndGlobalSection
	GlobalSection(ProjectConfigurationPlatforms) = postSolution
		{BF3149AD-70CD-4916-8738-EF94D1EF1ABC}.Debug|Any CPU.ActiveCfg = Debug|Any CPU
		{BF3149AD-70CD-4916-8738-EF94D1EF1ABC}.Debug|Any CPU.Build.0 = Debug|Any CPU
		{BF3149AD-70CD-4916-8738-EF94D1EF1ABC}.Release|Any CPU.ActiveCfg = Release|Any CPU
		{BF3149AD-70CD-4916-8738-EF94D1EF1ABC}.Release|Any CPU.Build.0 = Release|Any CPU
	EndGlobalSection
	GlobalSection(SolutionProperties) = preSolution
		HideSolutionNode = FALSE
	EndGlobalSection
	GlobalSection(ExtensibilityGlobals) = postSolution
		SolutionGuid = {40261C96-AA66-4EC6-B0BF-FEADC4A1C900}
	EndGlobalSection
EndGlobal
